
Microsoft Visual Studio Solution File, Format Version 12.00
# Visual Studio Version 17
VisualStudioVersion = 17.14.36203.30 d17.14
MinimumVisualStudioVersion = 10.0.40219.1
Project("{FAE04EC0-301F-11D3-BF4B-00C04F79EFBC}") = "ferreteria_je", "ferreteria_je\ferreteria_je.csproj", "{203ECCC1-EF11-45E7-AD49-8A95DB81B2EF}"
EndProject
Global
	GlobalSection(SolutionConfigurationPlatforms) = preSolution
		Debug|Any CPU = Debug|Any CPU
		Release|Any CPU = Release|Any CPU
	EndGlobalSection
	GlobalSection(ProjectConfigurationPlatforms) = postSolution
		{203ECCC1-EF11-45E7-AD49-8A95DB81B2EF}.Debug|Any CPU.ActiveCfg = Debug|Any CPU
		{203ECCC1-EF11-45E7-AD49-8A95DB81B2EF}.Debug|Any CPU.Build.0 = Debug|Any CPU
		{203ECCC1-EF11-45E7-AD49-8A95DB81B2EF}.Release|Any CPU.ActiveCfg = Release|Any CPU
		{203ECCC1-EF11-45E7-AD49-8A95DB81B2EF}.Release|Any CPU.Build.0 = Release|Any CPU
	EndGlobalSection
	GlobalSection(SolutionProperties) = preSolution
		HideSolutionNode = FALSE
	EndGlobalSection
	GlobalSection(ExtensibilityGlobals) = postSolution
		SolutionGuid = {9226B223-662E-4EB8-8484-114491FA684E}
	EndGlobalSection
EndGlobal
